
Microsoft Visual Studio Solution File, Format Version 12.00
# Visual Studio 14
VisualStudioVersion = 14.0.24720.0
MinimumVisualStudioVersion = 10.0.40219.1
Project("{FAE04EC0-301F-11D3-BF4B-00C04F79EFBC}") = "Problem 01", "SetsDictionariesEx\Problem 01.csproj", "{1494BDC0-0903-4469-BC0D-137F1134CAB2}"
EndProject
Project("{FAE04EC0-301F-11D3-BF4B-00C04F79EFBC}") = "Problem 02", "Problem 02\Problem 02.csproj", "{75F0633A-C1FC-4C5D-97E1-E4E4BF60E59E}"
EndProject
Project("{FAE04EC0-301F-11D3-BF4B-00C04F79EFBC}") = "Problem 03", "Problem 03\Problem 03.csproj", "{9950E316-9A39-439B-B7AB-3E85FBA6DC3B}"
EndProject
Project("{FAE04EC0-301F-11D3-BF4B-00C04F79EFBC}") = "Problem 04", "Problem 04\Problem 04.csproj", "{9C4F64FA-B702-4867-861A-56CB561D41BF}"
EndProject
Project("{FAE04EC0-301F-11D3-BF4B-00C04F79EFBC}") = "Problem 05", "Problem 05\Problem 05.csproj", "{51DA8BFF-0D47-4F50-9AB3-2FD322873E54}"
EndProject
Project("{FAE04EC0-301F-11D3-BF4B-00C04F79EFBC}") = "Problem 06", "Problem 06\Problem 06.csproj", "{4129B979-B91F-4E20-9F85-ABF72F9B2F2A}"
EndProject
Project("{FAE04EC0-301F-11D3-BF4B-00C04F79EFBC}") = "Problem 07", "Problem 07\Problem 07.csproj", "{9752F48C-17B3-4E72-B2BA-65326448A585}"
EndProject
Project("{FAE04EC0-301F-11D3-BF4B-00C04F79EFBC}") = "Problem 08", "Problem 08\Problem 08.csproj", "{4231B5FC-D2CA-448A-A482-90C56BA902EC}"
EndProject
Project("{FAE04EC0-301F-11D3-BF4B-00C04F79EFBC}") = "Problem 10", "Problem 10\Problem 10.csproj", "{1C0867C5-AA69-4965-B660-FABEC9F8BBC1}"
EndProject
Project("{FAE04EC0-301F-11D3-BF4B-00C04F79EFBC}") = "Problem 13", "Problem 13\Problem 13.csproj", "{836B2013-0C43-47CE-BA3C-E3FADE9F70A2}"
EndProject
Project("{FAE04EC0-301F-11D3-BF4B-00C04F79EFBC}") = "Problem 18", "Problem 18\Problem 18.csproj", "{0C8F85F6-9CDA-4101-B995-B30CF84164B1}"
EndProject
Project("{FAE04EC0-301F-11D3-BF4B-00C04F79EFBC}") = "Problem 09", "Problem 09\Problem 09.csproj", "{F751933B-5845-457B-AFAA-9134C7094774}"
EndProject
Project("{FAE04EC0-301F-11D3-BF4B-00C04F79EFBC}") = "Problem 11", "Problem 11\Problem 11.csproj", "{1D9507A5-0266-47CC-A3CC-392AD75BF09D}"
EndProject
Project("{FAE04EC0-301F-11D3-BF4B-00C04F79EFBC}") = "Problem 12", "Problem 12\Problem 12.csproj", "{6C8C8DA1-B912-4E8E-9DC7-EE21F60BD8BA}"
EndProject
Project("{FAE04EC0-301F-11D3-BF4B-00C04F79EFBC}") = "Problem 14", "Problem 14\Problem 14.csproj", "{549EE23C-8388-48E5-BF2D-3F268A74FCC7}"
EndProject
Project("{FAE04EC0-301F-11D3-BF4B-00C04F79EFBC}") = "Problem 19", "Problem 19\Problem 19.csproj", "{592E1BD8-B880-4933-8B17-C16822126982}"
EndProject
Project("{FAE04EC0-301F-11D3-BF4B-00C04F79EFBC}") = "Problem 21", "Problem 21\Problem 21.csproj", "{935756B9-9EC2-4A52-9875-A7807AE76858}"
EndProject
Project("{FAE04EC0-301F-11D3-BF4B-00C04F79EFBC}") = "Problem 20", "Problem 20\Problem 20.csproj", "{AE460ACB-9B78-4217-922E-50CD7DA844CB}"
EndProject
Project("{FAE04EC0-301F-11D3-BF4B-00C04F79EFBC}") = "Problem 15", "Problem 15\Problem 15.csproj", "{BFC31290-3A42-4936-8872-6DD6F23572B9}"
EndProject
Project("{FAE04EC0-301F-11D3-BF4B-00C04F79EFBC}") = "Problem 17", "Problem 17\Problem 17.csproj", "{99E63939-9059-4B0A-92A6-0946B2457D18}"
EndProject
Project("{FAE04EC0-301F-11D3-BF4B-00C04F79EFBC}") = "Problem 16", "Problem 16\Problem 16.csproj", "{81D5D806-1411-48BD-B949-C97C81096BA0}"
EndProject
Global
	GlobalSection(SolutionConfigurationPlatforms) = preSolution
		Debug|Any CPU = Debug|Any CPU
		Release|Any CPU = Release|Any CPU
	EndGlobalSection
	GlobalSection(ProjectConfigurationPlatforms) = postSolution
		{1494BDC0-0903-4469-BC0D-137F1134CAB2}.Debug|Any CPU.ActiveCfg = Debug|Any CPU
		{1494BDC0-0903-4469-BC0D-137F1134CAB2}.Debug|Any CPU.Build.0 = Debug|Any CPU
		{1494BDC0-0903-4469-BC0D-137F1134CAB2}.Release|Any CPU.ActiveCfg = Release|Any CPU
		{1494BDC0-0903-4469-BC0D-137F1134CAB2}.Release|Any CPU.Build.0 = Release|Any CPU
		{75F0633A-C1FC-4C5D-97E1-E4E4BF60E59E}.Debug|Any CPU.ActiveCfg = Debug|Any CPU
		{75F0633A-C1FC-4C5D-97E1-E4E4BF60E59E}.Debug|Any CPU.Build.0 = Debug|Any CPU
		{75F0633A-C1FC-4C5D-97E1-E4E4BF60E59E}.Release|Any CPU.ActiveCfg = Release|Any CPU
		{75F0633A-C1FC-4C5D-97E1-E4E4BF60E59E}.Release|Any CPU.Build.0 = Release|Any CPU
		{9950E316-9A39-439B-B7AB-3E85FBA6DC3B}.Debug|Any CPU.ActiveCfg = Debug|Any CPU
		{9950E316-9A39-439B-B7AB-3E85FBA6DC3B}.Debug|Any CPU.Build.0 = Debug|Any CPU
		{9950E316-9A39-439B-B7AB-3E85FBA6DC3B}.Release|Any CPU.ActiveCfg = Release|Any CPU
		{9950E316-9A39-439B-B7AB-3E85FBA6DC3B}.Release|Any CPU.Build.0 = Release|Any CPU
		{9C4F64FA-B702-4867-861A-56CB561D41BF}.Debug|Any CPU.ActiveCfg = Debug|Any CPU
		{9C4F64FA-B702-4867-861A-56CB561D41BF}.Debug|Any CPU.Build.0 = Debug|Any CPU
		{9C4F64FA-B702-4867-861A-56CB561D41BF}.Release|Any CPU.ActiveCfg = Release|Any CPU
		{9C4F64FA-B702-4867-861A-56CB561D41BF}.Release|Any CPU.Build.0 = Release|Any CPU
		{51DA8BFF-0D47-4F50-9AB3-2FD322873E54}.Debug|Any CPU.ActiveCfg = Debug|Any CPU
		{51DA8BFF-0D47-4F50-9AB3-2FD322873E54}.Debug|Any CPU.Build.0 = Debug|Any CPU
		{51DA8BFF-0D47-4F50-9AB3-2FD322873E54}.Release|Any CPU.ActiveCfg = Release|Any CPU
		{51DA8BFF-0D47-4F50-9AB3-2FD322873E54}.Release|Any CPU.Build.0 = Release|Any CPU
		{4129B979-B91F-4E20-9F85-ABF72F9B2F2A}.Debug|Any CPU.ActiveCfg = Debug|Any CPU
		{4129B979-B91F-4E20-9F85-ABF72F9B2F2A}.Debug|Any CPU.Build.0 = Debug|Any CPU
		{4129B979-B91F-4E20-9F85-ABF72F9B2F2A}.Release|Any CPU.ActiveCfg = Release|Any CPU
		{4129B979-B91F-4E20-9F85-ABF72F9B2F2A}.Release|Any CPU.Build.0 = Release|Any CPU
		{9752F48C-17B3-4E72-B2BA-65326448A585}.Debug|Any CPU.ActiveCfg = Debug|Any CPU
		{9752F48C-17B3-4E72-B2BA-65326448A585}.Debug|Any CPU.Build.0 = Debug|Any CPU
		{9752F48C-17B3-4E72-B2BA-65326448A585}.Release|Any CPU.ActiveCfg = Release|Any CPU
		{9752F48C-17B3-4E72-B2BA-65326448A585}.Release|Any CPU.Build.0 = Release|Any CPU
		{4231B5FC-D2CA-448A-A482-90C56BA902EC}.Debug|Any CPU.ActiveCfg = Debug|Any CPU
		{4231B5FC-D2CA-448A-A482-90C56BA902EC}.Debug|Any CPU.Build.0 = Debug|Any CPU
		{4231B5FC-D2CA-448A-A482-90C56BA902EC}.Release|Any CPU.ActiveCfg = Release|Any CPU
		{4231B5FC-D2CA-448A-A482-90C56BA902EC}.Release|Any CPU.Build.0 = Release|Any CPU
		{1C0867C5-AA69-4965-B660-FABEC9F8BBC1}.Debug|Any CPU.ActiveCfg = Debug|Any CPU
		{1C0867C5-AA69-4965-B660-FABEC9F8BBC1}.Debug|Any CPU.Build.0 = Debug|Any CPU
		{1C0867C5-AA69-4965-B660-FABEC9F8BBC1}.Release|Any CPU.ActiveCfg = Release|Any CPU
		{1C0867C5-AA69-4965-B660-FABEC9F8BBC1}.Release|Any CPU.Build.0 = Release|Any CPU
		{836B2013-0C43-47CE-BA3C-E3FADE9F70A2}.Debug|Any CPU.ActiveCfg = Debug|Any CPU
		{836B2013-0C43-47CE-BA3C-E3FADE9F70A2}.Debug|Any CPU.Build.0 = Debug|Any CPU
		{836B2013-0C43-47CE-BA3C-E3FADE9F70A2}.Release|Any CPU.ActiveCfg = Release|Any CPU
		{836B2013-0C43-47CE-BA3C-E3FADE9F70A2}.Release|Any CPU.Build.0 = Release|Any CPU
		{0C8F85F6-9CDA-4101-B995-B30CF84164B1}.Debug|Any CPU.ActiveCfg = Debug|Any CPU
		{0C8F85F6-9CDA-4101-B995-B30CF84164B1}.Debug|Any CPU.Build.0 = Debug|Any CPU
		{0C8F85F6-9CDA-4101-B995-B30CF84164B1}.Release|Any CPU.ActiveCfg = Release|Any CPU
		{0C8F85F6-9CDA-4101-B995-B30CF84164B1}.Release|Any CPU.Build.0 = Release|Any CPU
		{F751933B-5845-457B-AFAA-9134C7094774}.Debug|Any CPU.ActiveCfg = Debug|Any CPU
		{F751933B-5845-457B-AFAA-9134C7094774}.Debug|Any CPU.Build.0 = Debug|Any CPU
		{F751933B-5845-457B-AFAA-9134C7094774}.Release|Any CPU.ActiveCfg = Release|Any CPU
		{F751933B-5845-457B-AFAA-9134C7094774}.Release|Any CPU.Build.0 = Release|Any CPU
		{1D9507A5-0266-47CC-A3CC-392AD75BF09D}.Debug|Any CPU.ActiveCfg = Debug|Any CPU
		{1D9507A5-0266-47CC-A3CC-392AD75BF09D}.Debug|Any CPU.Build.0 = Debug|Any CPU
		{1D9507A5-0266-47CC-A3CC-392AD75BF09D}.Release|Any CPU.ActiveCfg = Release|Any CPU
		{1D9507A5-0266-47CC-A3CC-392AD75BF09D}.Release|Any CPU.Build.0 = Release|Any CPU
		{6C8C8DA1-B912-4E8E-9DC7-EE21F60BD8BA}.Debug|Any CPU.ActiveCfg = Debug|Any CPU
		{6C8C8DA1-B912-4E8E-9DC7-EE21F60BD8BA}.Debug|Any CPU.Build.0 = Debug|Any CPU
		{6C8C8DA1-B912-4E8E-9DC7-EE21F60BD8BA}.Release|Any CPU.ActiveCfg = Release|Any CPU
		{6C8C8DA1-B912-4E8E-9DC7-EE21F60BD8BA}.Release|Any CPU.Build.0 = Release|Any CPU
		{549EE23C-8388-48E5-BF2D-3F268A74FCC7}.Debug|Any CPU.ActiveCfg = Debug|Any CPU
		{549EE23C-8388-48E5-BF2D-3F268A74FCC7}.Debug|Any CPU.Build.0 = Debug|Any CPU
		{549EE23C-8388-48E5-BF2D-3F268A74FCC7}.Release|Any CPU.ActiveCfg = Release|Any CPU
		{549EE23C-8388-48E5-BF2D-3F268A74FCC7}.Release|Any CPU.Build.0 = Release|Any CPU
		{592E1BD8-B880-4933-8B17-C16822126982}.Debug|Any CPU.ActiveCfg = Debug|Any CPU
		{592E1BD8-B880-4933-8B17-C16822126982}.Debug|Any CPU.Build.0 = Debug|Any CPU
		{592E1BD8-B880-4933-8B17-C16822126982}.Release|Any CPU.ActiveCfg = Release|Any CPU
		{592E1BD8-B880-4933-8B17-C16822126982}.Release|Any CPU.Build.0 = Release|Any CPU
		{935756B9-9EC2-4A52-9875-A7807AE76858}.Debug|Any CPU.ActiveCfg = Debug|Any CPU
		{935756B9-9EC2-4A52-9875-A7807AE76858}.Debug|Any CPU.Build.0 = Debug|Any CPU
		{935756B9-9EC2-4A52-9875-A7807AE76858}.Release|Any CPU.ActiveCfg = Release|Any CPU
		{935756B9-9EC2-4A52-9875-A7807AE76858}.Release|Any CPU.Build.0 = Release|Any CPU
		{AE460ACB-9B78-4217-922E-50CD7DA844CB}.Debug|Any CPU.ActiveCfg = Debug|Any CPU
		{AE460ACB-9B78-4217-922E-50CD7DA844CB}.Debug|Any CPU.Build.0 = Debug|Any CPU
		{AE460ACB-9B78-4217-922E-50CD7DA844CB}.Release|Any CPU.ActiveCfg = Release|Any CPU
		{AE460ACB-9B78-4217-922E-50CD7DA844CB}.Release|Any CPU.Build.0 = Release|Any CPU
		{BFC31290-3A42-4936-8872-6DD6F23572B9}.Debug|Any CPU.ActiveCfg = Debug|Any CPU
		{BFC31290-3A42-4936-8872-6DD6F23572B9}.Debug|Any CPU.Build.0 = Debug|Any CPU
		{BFC31290-3A42-4936-8872-6DD6F23572B9}.Release|Any CPU.ActiveCfg = Release|Any CPU
		{BFC31290-3A42-4936-8872-6DD6F23572B9}.Release|Any CPU.Build.0 = Release|Any CPU
		{99E63939-9059-4B0A-92A6-0946B2457D18}.Debug|Any CPU.ActiveCfg = Debug|Any CPU
		{99E63939-9059-4B0A-92A6-0946B2457D18}.Debug|Any CPU.Build.0 = Debug|Any CPU
		{99E63939-9059-4B0A-92A6-0946B2457D18}.Release|Any CPU.ActiveCfg = Release|Any CPU
		{99E63939-9059-4B0A-92A6-0946B2457D18}.Release|Any CPU.Build.0 = Release|Any CPU
		{81D5D806-1411-48BD-B949-C97C81096BA0}.Debug|Any CPU.ActiveCfg = Debug|Any CPU
		{81D5D806-1411-48BD-B949-C97C81096BA0}.Debug|Any CPU.Build.0 = Debug|Any CPU
		{81D5D806-1411-48BD-B949-C97C81096BA0}.Release|Any CPU.ActiveCfg = Release|Any CPU
		{81D5D806-1411-48BD-B949-C97C81096BA0}.Release|Any CPU.Build.0 = Release|Any CPU
	EndGlobalSection
	GlobalSection(SolutionProperties) = preSolution
		HideSolutionNode = FALSE
	EndGlobalSection
EndGlobal
